// !$*UTF8*$!
{
	archiveVersion = 1;
	classes = {
	};
	objectVersion = 46;
	objects = {

/* Begin PBXBuildFile section */
		00E356F31AD99517003FC87E /* laundryAppTests.m in Sources */ = {isa = PBXBuildFile; fileRef = 00E356F21AD99517003FC87E /* laundryAppTests.m */; };
		0605B5BA17EA76334B7F9959 /* libPods-laundryApp.a in Frameworks */ = {isa = PBXBuildFile; fileRef = A0298ADA61DF896CC31551A5 /* libPods-laundryApp.a */; };
		13B07FBC1A68108700A75B9A /* AppDelegate.m in Sources */ = {isa = PBXBuildFile; fileRef = 13B07FB01A68108700A75B9A /* AppDelegate.m */; };
		13B07FBF1A68108700A75B9A /* Images.xcassets in Resources */ = {isa = PBXBuildFile; fileRef = 13B07FB51A68108700A75B9A /* Images.xcassets */; };
		13B07FC11A68108700A75B9A /* main.m in Sources */ = {isa = PBXBuildFile; fileRef = 13B07FB71A68108700A75B9A /* main.m */; };
		17474FC7C317A441367F631B /* libPods-laundryAppTests.a in Frameworks */ = {isa = PBXBuildFile; fileRef = FD81D273866992CE0A982B51 /* libPods-laundryAppTests.a */; };
		2D02E4BC1E0B4A80006451C7 /* AppDelegate.m in Sources */ = {isa = PBXBuildFile; fileRef = 13B07FB01A68108700A75B9A /* AppDelegate.m */; };
		2D02E4BD1E0B4A84006451C7 /* Images.xcassets in Resources */ = {isa = PBXBuildFile; fileRef = 13B07FB51A68108700A75B9A /* Images.xcassets */; };
		2D02E4BF1E0B4AB3006451C7 /* main.m in Sources */ = {isa = PBXBuildFile; fileRef = 13B07FB71A68108700A75B9A /* main.m */; };
		2DCD954D1E0B4F2C00145EB5 /* laundryAppTests.m in Sources */ = {isa = PBXBuildFile; fileRef = 00E356F21AD99517003FC87E /* laundryAppTests.m */; };
		A0EF8995E9262DEF986D1827 /* libPods-laundryApp-tvOSTests.a in Frameworks */ = {isa = PBXBuildFile; fileRef = 562BB468806622C266CAD83E /* libPods-laundryApp-tvOSTests.a */; };
		AF96A7008488D45836180991 /* libPods-laundryApp-tvOS.a in Frameworks */ = {isa = PBXBuildFile; fileRef = 2CFCD1F2D7BDD7C8B288E075 /* libPods-laundryApp-tvOS.a */; };
		C11F759523A15704007090FA /* Fontisto.ttf in Resources */ = {isa = PBXBuildFile; fileRef = C11F758523A15703007090FA /* Fontisto.ttf */; };
		C11F759623A15704007090FA /* Fontisto.ttf in Resources */ = {isa = PBXBuildFile; fileRef = C11F758523A15703007090FA /* Fontisto.ttf */; };
		C11F759723A15704007090FA /* Fontisto.ttf in Resources */ = {isa = PBXBuildFile; fileRef = C11F758523A15703007090FA /* Fontisto.ttf */; };
		C11F759823A15704007090FA /* Fontisto.ttf in Resources */ = {isa = PBXBuildFile; fileRef = C11F758523A15703007090FA /* Fontisto.ttf */; };
		C11F759923A15704007090FA /* Octicons.ttf in Resources */ = {isa = PBXBuildFile; fileRef = C11F758623A15703007090FA /* Octicons.ttf */; };
		C11F759A23A15704007090FA /* Octicons.ttf in Resources */ = {isa = PBXBuildFile; fileRef = C11F758623A15703007090FA /* Octicons.ttf */; };
		C11F759B23A15704007090FA /* Octicons.ttf in Resources */ = {isa = PBXBuildFile; fileRef = C11F758623A15703007090FA /* Octicons.ttf */; };
		C11F759C23A15704007090FA /* Octicons.ttf in Resources */ = {isa = PBXBuildFile; fileRef = C11F758623A15703007090FA /* Octicons.ttf */; };
		C11F759D23A15704007090FA /* Feather.ttf in Resources */ = {isa = PBXBuildFile; fileRef = C11F758723A15703007090FA /* Feather.ttf */; };
		C11F759E23A15704007090FA /* Feather.ttf in Resources */ = {isa = PBXBuildFile; fileRef = C11F758723A15703007090FA /* Feather.ttf */; };
		C11F759F23A15704007090FA /* Feather.ttf in Resources */ = {isa = PBXBuildFile; fileRef = C11F758723A15703007090FA /* Feather.ttf */; };
		C11F75A023A15704007090FA /* Feather.ttf in Resources */ = {isa = PBXBuildFile; fileRef = C11F758723A15703007090FA /* Feather.ttf */; };
		C11F75A123A15704007090FA /* Entypo.ttf in Resources */ = {isa = PBXBuildFile; fileRef = C11F758823A15703007090FA /* Entypo.ttf */; };
		C11F75A223A15704007090FA /* Entypo.ttf in Resources */ = {isa = PBXBuildFile; fileRef = C11F758823A15703007090FA /* Entypo.ttf */; };
		C11F75A323A15704007090FA /* Entypo.ttf in Resources */ = {isa = PBXBuildFile; fileRef = C11F758823A15703007090FA /* Entypo.ttf */; };
		C11F75A423A15704007090FA /* Entypo.ttf in Resources */ = {isa = PBXBuildFile; fileRef = C11F758823A15703007090FA /* Entypo.ttf */; };
		C11F75A523A15704007090FA /* FontAwesome5_Brands.ttf in Resources */ = {isa = PBXBuildFile; fileRef = C11F758923A15703007090FA /* FontAwesome5_Brands.ttf */; };
		C11F75A623A15704007090FA /* FontAwesome5_Brands.ttf in Resources */ = {isa = PBXBuildFile; fileRef = C11F758923A15703007090FA /* FontAwesome5_Brands.ttf */; };
		C11F75A723A15704007090FA /* FontAwesome5_Brands.ttf in Resources */ = {isa = PBXBuildFile; fileRef = C11F758923A15703007090FA /* FontAwesome5_Brands.ttf */; };
		C11F75A823A15704007090FA /* FontAwesome5_Brands.ttf in Resources */ = {isa = PBXBuildFile; fileRef = C11F758923A15703007090FA /* FontAwesome5_Brands.ttf */; };
		C11F75A923A15704007090FA /* MaterialCommunityIcons.ttf in Resources */ = {isa = PBXBuildFile; fileRef = C11F758A23A15703007090FA /* MaterialCommunityIcons.ttf */; };
		C11F75AA23A15704007090FA /* MaterialCommunityIcons.ttf in Resources */ = {isa = PBXBuildFile; fileRef = C11F758A23A15703007090FA /* MaterialCommunityIcons.ttf */; };
		C11F75AB23A15704007090FA /* MaterialCommunityIcons.ttf in Resources */ = {isa = PBXBuildFile; fileRef = C11F758A23A15703007090FA /* MaterialCommunityIcons.ttf */; };
		C11F75AC23A15704007090FA /* MaterialCommunityIcons.ttf in Resources */ = {isa = PBXBuildFile; fileRef = C11F758A23A15703007090FA /* MaterialCommunityIcons.ttf */; };
		C11F75AD23A15704007090FA /* AntDesign.ttf in Resources */ = {isa = PBXBuildFile; fileRef = C11F758B23A15703007090FA /* AntDesign.ttf */; };
		C11F75AE23A15704007090FA /* AntDesign.ttf in Resources */ = {isa = PBXBuildFile; fileRef = C11F758B23A15703007090FA /* AntDesign.ttf */; };
		C11F75AF23A15704007090FA /* AntDesign.ttf in Resources */ = {isa = PBXBuildFile; fileRef = C11F758B23A15703007090FA /* AntDesign.ttf */; };
		C11F75B023A15704007090FA /* AntDesign.ttf in Resources */ = {isa = PBXBuildFile; fileRef = C11F758B23A15703007090FA /* AntDesign.ttf */; };
		C11F75B123A15704007090FA /* Foundation.ttf in Resources */ = {isa = PBXBuildFile; fileRef = C11F758C23A15703007090FA /* Foundation.ttf */; };
		C11F75B223A15704007090FA /* Foundation.ttf in Resources */ = {isa = PBXBuildFile; fileRef = C11F758C23A15703007090FA /* Foundation.ttf */; };
		C11F75B323A15704007090FA /* Foundation.ttf in Resources */ = {isa = PBXBuildFile; fileRef = C11F758C23A15703007090FA /* Foundation.ttf */; };
		C11F75B423A15704007090FA /* Foundation.ttf in Resources */ = {isa = PBXBuildFile; fileRef = C11F758C23A15703007090FA /* Foundation.ttf */; };
		C11F75B523A15704007090FA /* Ionicons.ttf in Resources */ = {isa = PBXBuildFile; fileRef = C11F758D23A15703007090FA /* Ionicons.ttf */; };
		C11F75B623A15704007090FA /* Ionicons.ttf in Resources */ = {isa = PBXBuildFile; fileRef = C11F758D23A15703007090FA /* Ionicons.ttf */; };
		C11F75B723A15704007090FA /* Ionicons.ttf in Resources */ = {isa = PBXBuildFile; fileRef = C11F758D23A15703007090FA /* Ionicons.ttf */; };
		C11F75B823A15704007090FA /* Ionicons.ttf in Resources */ = {isa = PBXBuildFile; fileRef = C11F758D23A15703007090FA /* Ionicons.ttf */; };
		C11F75B923A15704007090FA /* FontAwesome5_Solid.ttf in Resources */ = {isa = PBXBuildFile; fileRef = C11F758E23A15703007090FA /* FontAwesome5_Solid.ttf */; };
		C11F75BA23A15704007090FA /* FontAwesome5_Solid.ttf in Resources */ = {isa = PBXBuildFile; fileRef = C11F758E23A15703007090FA /* FontAwesome5_Solid.ttf */; };
		C11F75BB23A15704007090FA /* FontAwesome5_Solid.ttf in Resources */ = {isa = PBXBuildFile; fileRef = C11F758E23A15703007090FA /* FontAwesome5_Solid.ttf */; };
		C11F75BC23A15704007090FA /* FontAwesome5_Solid.ttf in Resources */ = {isa = PBXBuildFile; fileRef = C11F758E23A15703007090FA /* FontAwesome5_Solid.ttf */; };
		C11F75BD23A15704007090FA /* FontAwesome5_Regular.ttf in Resources */ = {isa = PBXBuildFile; fileRef = C11F758F23A15703007090FA /* FontAwesome5_Regular.ttf */; };
		C11F75BE23A15704007090FA /* FontAwesome5_Regular.ttf in Resources */ = {isa = PBXBuildFile; fileRef = C11F758F23A15703007090FA /* FontAwesome5_Regular.ttf */; };
		C11F75BF23A15704007090FA /* FontAwesome5_Regular.ttf in Resources */ = {isa = PBXBuildFile; fileRef = C11F758F23A15703007090FA /* FontAwesome5_Regular.ttf */; };
		C11F75C023A15704007090FA /* FontAwesome5_Regular.ttf in Resources */ = {isa = PBXBuildFile; fileRef = C11F758F23A15703007090FA /* FontAwesome5_Regular.ttf */; };
		C11F75C123A15704007090FA /* FontAwesome.ttf in Resources */ = {isa = PBXBuildFile; fileRef = C11F759023A15703007090FA /* FontAwesome.ttf */; };
		C11F75C223A15704007090FA /* FontAwesome.ttf in Resources */ = {isa = PBXBuildFile; fileRef = C11F759023A15703007090FA /* FontAwesome.ttf */; };
		C11F75C323A15704007090FA /* FontAwesome.ttf in Resources */ = {isa = PBXBuildFile; fileRef = C11F759023A15703007090FA /* FontAwesome.ttf */; };
		C11F75C423A15704007090FA /* FontAwesome.ttf in Resources */ = {isa = PBXBuildFile; fileRef = C11F759023A15703007090FA /* FontAwesome.ttf */; };
		C11F75C523A15704007090FA /* Zocial.ttf in Resources */ = {isa = PBXBuildFile; fileRef = C11F759123A15703007090FA /* Zocial.ttf */; };
		C11F75C623A15704007090FA /* Zocial.ttf in Resources */ = {isa = PBXBuildFile; fileRef = C11F759123A15703007090FA /* Zocial.ttf */; };
		C11F75C723A15704007090FA /* Zocial.ttf in Resources */ = {isa = PBXBuildFile; fileRef = C11F759123A15703007090FA /* Zocial.ttf */; };
		C11F75C823A15704007090FA /* Zocial.ttf in Resources */ = {isa = PBXBuildFile; fileRef = C11F759123A15703007090FA /* Zocial.ttf */; };
		C11F75C923A15704007090FA /* EvilIcons.ttf in Resources */ = {isa = PBXBuildFile; fileRef = C11F759223A15703007090FA /* EvilIcons.ttf */; };
		C11F75CA23A15704007090FA /* EvilIcons.ttf in Resources */ = {isa = PBXBuildFile; fileRef = C11F759223A15703007090FA /* EvilIcons.ttf */; };
		C11F75CB23A15704007090FA /* EvilIcons.ttf in Resources */ = {isa = PBXBuildFile; fileRef = C11F759223A15703007090FA /* EvilIcons.ttf */; };
		C11F75CC23A15704007090FA /* EvilIcons.ttf in Resources */ = {isa = PBXBuildFile; fileRef = C11F759223A15703007090FA /* EvilIcons.ttf */; };
		C11F75CD23A15704007090FA /* SimpleLineIcons.ttf in Resources */ = {isa = PBXBuildFile; fileRef = C11F759323A15703007090FA /* SimpleLineIcons.ttf */; };
		C11F75CE23A15704007090FA /* SimpleLineIcons.ttf in Resources */ = {isa = PBXBuildFile; fileRef = C11F759323A15703007090FA /* SimpleLineIcons.ttf */; };
		C11F75CF23A15704007090FA /* SimpleLineIcons.ttf in Resources */ = {isa = PBXBuildFile; fileRef = C11F759323A15703007090FA /* SimpleLineIcons.ttf */; };
		C11F75D023A15704007090FA /* SimpleLineIcons.ttf in Resources */ = {isa = PBXBuildFile; fileRef = C11F759323A15703007090FA /* SimpleLineIcons.ttf */; };
		C11F75D123A15704007090FA /* MaterialIcons.ttf in Resources */ = {isa = PBXBuildFile; fileRef = C11F759423A15703007090FA /* MaterialIcons.ttf */; };
		C11F75D223A15704007090FA /* MaterialIcons.ttf in Resources */ = {isa = PBXBuildFile; fileRef = C11F759423A15703007090FA /* MaterialIcons.ttf */; };
		C11F75D323A15704007090FA /* MaterialIcons.ttf in Resources */ = {isa = PBXBuildFile; fileRef = C11F759423A15703007090FA /* MaterialIcons.ttf */; };
		C11F75D423A15704007090FA /* MaterialIcons.ttf in Resources */ = {isa = PBXBuildFile; fileRef = C11F759423A15703007090FA /* MaterialIcons.ttf */; };
		C1245F3D24A6979B009421B3 /* main.jsbundle in Resources */ = {isa = PBXBuildFile; fileRef = C1245F3B24A6979B009421B3 /* main.jsbundle */; };
		C1245F3E24A6979B009421B3 /* assets in Resources */ = {isa = PBXBuildFile; fileRef = C1245F3C24A6979B009421B3 /* assets */; };
		C14FA80A249D4D6C006A36DD /* Default-568h@2x.png in Resources */ = {isa = PBXBuildFile; fileRef = C14FA809249D4D6C006A36DD /* Default-568h@2x.png */; };
		C14FA811249DD0C6006A36DD /* SystemConfiguration.framework in Frameworks */ = {isa = PBXBuildFile; fileRef = C1A78D1824350C1A003C01FE /* SystemConfiguration.framework */; };
		C14FA814249DD0C9006A36DD /* WebKit.framework in Frameworks */ = {isa = PBXBuildFile; fileRef = C14FA80D249DD064006A36DD /* WebKit.framework */; };
		C14FA816249DD131006A36DD /* CoreTelephony.framework in Frameworks */ = {isa = PBXBuildFile; fileRef = C1A78D1A24350C37003C01FE /* CoreTelephony.framework */; };
		C14FA817249DD13E006A36DD /* libsqlite3.0.tbd in Frameworks */ = {isa = PBXBuildFile; fileRef = C1A78D1C24350CD5003C01FE /* libsqlite3.0.tbd */; };
		C14FA818249DD14A006A36DD /* libc++.tbd in Frameworks */ = {isa = PBXBuildFile; fileRef = C1A78D2424350FDB003C01FE /* libc++.tbd */; };
		C14FA819249DD154006A36DD /* libz.tbd in Frameworks */ = {isa = PBXBuildFile; fileRef = C1A78D2624350FEE003C01FE /* libz.tbd */; };
		C14FA82D24A27647006A36DD /* RCTAlipay.m in Sources */ = {isa = PBXBuildFile; fileRef = C14FA82C24A27647006A36DD /* RCTAlipay.m */; };
		C1A78D2E2435C412003C01FE /* LaunchScreen.xib in Resources */ = {isa = PBXBuildFile; fileRef = 13B07FB11A68108700A75B9A /* LaunchScreen.xib */; };
		C1F7698A242F579D00420968 /* AMapFoundationKit.framework in Frameworks */ = {isa = PBXBuildFile; fileRef = C1F76989242F579D00420968 /* AMapFoundationKit.framework */; };
		C1F7698C242F57B500420968 /* AMapLocationKit.framework in Frameworks */ = {isa = PBXBuildFile; fileRef = C1F7698B242F57B500420968 /* AMapLocationKit.framework */; };
/* End PBXBuildFile section */

/* Begin PBXContainerItemProxy section */
		00E356F41AD99517003FC87E /* PBXContainerItemProxy */ = {
			isa = PBXContainerItemProxy;
			containerPortal = 83CBB9F71A601CBA00E9B192 /* Project object */;
			proxyType = 1;
			remoteGlobalIDString = 13B07F861A680F5B00A75B9A;
			remoteInfo = laundryApp;
		};
		2D02E4911E0B4A5D006451C7 /* PBXContainerItemProxy */ = {
			isa = PBXContainerItemProxy;
			containerPortal = 83CBB9F71A601CBA00E9B192 /* Project object */;
			proxyType = 1;
			remoteGlobalIDString = 2D02E47A1E0B4A5D006451C7;
			remoteInfo = "laundryApp-tvOS";
		};
/* End PBXContainerItemProxy section */

/* Begin PBXFileReference section */
		00E356EE1AD99517003FC87E /* laundryAppTests.xctest */ = {isa = PBXFileReference; explicitFileType = wrapper.cfbundle; includeInIndex = 0; path = laundryAppTests.xctest; sourceTree = BUILT_PRODUCTS_DIR; };
		00E356F11AD99517003FC87E /* Info.plist */ = {isa = PBXFileReference; lastKnownFileType = text.plist.xml; path = Info.plist; sourceTree = "<group>"; };
		00E356F21AD99517003FC87E /* laundryAppTests.m */ = {isa = PBXFileReference; lastKnownFileType = sourcecode.c.objc; path = laundryAppTests.m; sourceTree = "<group>"; };
		070799362A5D44ADB5E24AC1 /* FontAwesome5_Solid.ttf */ = {isa = PBXFileReference; explicitFileType = undefined; fileEncoding = 9; includeInIndex = 0; lastKnownFileType = unknown; name = FontAwesome5_Solid.ttf; path = "../node_modules/react-native-vector-icons/Fonts/FontAwesome5_Solid.ttf"; sourceTree = "<group>"; };
		09DE60438B384CEE83838ABB /* Feather.ttf */ = {isa = PBXFileReference; explicitFileType = undefined; fileEncoding = 9; includeInIndex = 0; lastKnownFileType = unknown; name = Feather.ttf; path = "../node_modules/react-native-vector-icons/Fonts/Feather.ttf"; sourceTree = "<group>"; };
		13B07F961A680F5B00A75B9A /* MOVING洗衣.app */ = {isa = PBXFileReference; explicitFileType = wrapper.application; includeInIndex = 0; path = "MOVING洗衣.app"; sourceTree = BUILT_PRODUCTS_DIR; };
		13B07FAF1A68108700A75B9A /* AppDelegate.h */ = {isa = PBXFileReference; fileEncoding = 4; lastKnownFileType = sourcecode.c.h; name = AppDelegate.h; path = laundryApp/AppDelegate.h; sourceTree = "<group>"; };
		13B07FB01A68108700A75B9A /* AppDelegate.m */ = {isa = PBXFileReference; fileEncoding = 4; lastKnownFileType = sourcecode.c.objc; name = AppDelegate.m; path = laundryApp/AppDelegate.m; sourceTree = "<group>"; };
		13B07FB21A68108700A75B9A /* Base */ = {isa = PBXFileReference; lastKnownFileType = file.xib; name = Base; path = Base.lproj/LaunchScreen.xib; sourceTree = "<group>"; };
		13B07FB51A68108700A75B9A /* Images.xcassets */ = {isa = PBXFileReference; lastKnownFileType = folder.assetcatalog; name = Images.xcassets; path = laundryApp/Images.xcassets; sourceTree = "<group>"; };
		13B07FB61A68108700A75B9A /* Info.plist */ = {isa = PBXFileReference; fileEncoding = 4; lastKnownFileType = text.plist.xml; name = Info.plist; path = laundryApp/Info.plist; sourceTree = "<group>"; };
		13B07FB71A68108700A75B9A /* main.m */ = {isa = PBXFileReference; fileEncoding = 4; lastKnownFileType = sourcecode.c.objc; name = main.m; path = laundryApp/main.m; sourceTree = "<group>"; };
		1CE6902B51424208A8B696F1 /* Fontisto.ttf */ = {isa = PBXFileReference; explicitFileType = undefined; fileEncoding = 9; includeInIndex = 0; lastKnownFileType = unknown; name = Fontisto.ttf; path = "../node_modules/react-native-vector-icons/Fonts/Fontisto.ttf"; sourceTree = "<group>"; };
		279B95CF9D914C60986B834D /* AntDesign.ttf */ = {isa = PBXFileReference; explicitFileType = undefined; fileEncoding = 9; includeInIndex = 0; lastKnownFileType = unknown; name = AntDesign.ttf; path = "../node_modules/react-native-vector-icons/Fonts/AntDesign.ttf"; sourceTree = "<group>"; };
		2CFCD1F2D7BDD7C8B288E075 /* libPods-laundryApp-tvOS.a */ = {isa = PBXFileReference; explicitFileType = archive.ar; includeInIndex = 0; path = "libPods-laundryApp-tvOS.a"; sourceTree = BUILT_PRODUCTS_DIR; };
		2D02E47B1E0B4A5D006451C7 /* laundryApp-tvOS.app */ = {isa = PBXFileReference; explicitFileType = wrapper.application; includeInIndex = 0; path = "laundryApp-tvOS.app"; sourceTree = BUILT_PRODUCTS_DIR; };
		2D02E4901E0B4A5D006451C7 /* laundryApp-tvOSTests.xctest */ = {isa = PBXFileReference; explicitFileType = wrapper.cfbundle; includeInIndex = 0; path = "laundryApp-tvOSTests.xctest"; sourceTree = BUILT_PRODUCTS_DIR; };
		2DD078069AEBF5B734C48332 /* Pods-laundryAppTests.release.xcconfig */ = {isa = PBXFileReference; includeInIndex = 1; lastKnownFileType = text.xcconfig; name = "Pods-laundryAppTests.release.xcconfig"; path = "Target Support Files/Pods-laundryAppTests/Pods-laundryAppTests.release.xcconfig"; sourceTree = "<group>"; };
		560346D1985A4404B3E0AF33 /* FontAwesome5_Brands.ttf */ = {isa = PBXFileReference; explicitFileType = undefined; fileEncoding = 9; includeInIndex = 0; lastKnownFileType = unknown; name = FontAwesome5_Brands.ttf; path = "../node_modules/react-native-vector-icons/Fonts/FontAwesome5_Brands.ttf"; sourceTree = "<group>"; };
		562BB468806622C266CAD83E /* libPods-laundryApp-tvOSTests.a */ = {isa = PBXFileReference; explicitFileType = archive.ar; includeInIndex = 0; path = "libPods-laundryApp-tvOSTests.a"; sourceTree = BUILT_PRODUCTS_DIR; };
		67FDFA83B360E57E8AB5B45F /* Pods-laundryApp.debug.xcconfig */ = {isa = PBXFileReference; includeInIndex = 1; lastKnownFileType = text.xcconfig; name = "Pods-laundryApp.debug.xcconfig"; path = "Target Support Files/Pods-laundryApp/Pods-laundryApp.debug.xcconfig"; sourceTree = "<group>"; };
		770B94F3054E88207CD90276 /* Pods-laundryApp-tvOSTests.release.xcconfig */ = {isa = PBXFileReference; includeInIndex = 1; lastKnownFileType = text.xcconfig; name = "Pods-laundryApp-tvOSTests.release.xcconfig"; path = "Target Support Files/Pods-laundryApp-tvOSTests/Pods-laundryApp-tvOSTests.release.xcconfig"; sourceTree = "<group>"; };
		7850DF34C44C3A4D882196F7 /* Pods-laundryApp-tvOSTests.debug.xcconfig */ = {isa = PBXFileReference; includeInIndex = 1; lastKnownFileType = text.xcconfig; name = "Pods-laundryApp-tvOSTests.debug.xcconfig"; path = "Target Support Files/Pods-laundryApp-tvOSTests/Pods-laundryApp-tvOSTests.debug.xcconfig"; sourceTree = "<group>"; };
		8CD250E868DC41679A13CB1E /* EvilIcons.ttf */ = {isa = PBXFileReference; explicitFileType = undefined; fileEncoding = 9; includeInIndex = 0; lastKnownFileType = unknown; name = EvilIcons.ttf; path = "../node_modules/react-native-vector-icons/Fonts/EvilIcons.ttf"; sourceTree = "<group>"; };
		973630053860497AB90141A6 /* Octicons.ttf */ = {isa = PBXFileReference; explicitFileType = undefined; fileEncoding = 9; includeInIndex = 0; lastKnownFileType = unknown; name = Octicons.ttf; path = "../node_modules/react-native-vector-icons/Fonts/Octicons.ttf"; sourceTree = "<group>"; };
		97F3BFBDFCA34D46841E1920 /* Ionicons.ttf */ = {isa = PBXFileReference; explicitFileType = undefined; fileEncoding = 9; includeInIndex = 0; lastKnownFileType = unknown; name = Ionicons.ttf; path = "../node_modules/react-native-vector-icons/Fonts/Ionicons.ttf"; sourceTree = "<group>"; };
		A0298ADA61DF896CC31551A5 /* libPods-laundryApp.a */ = {isa = PBXFileReference; explicitFileType = archive.ar; includeInIndex = 0; path = "libPods-laundryApp.a"; sourceTree = BUILT_PRODUCTS_DIR; };
		A105B233C7C84E5D8DCFADF6 /* SimpleLineIcons.ttf */ = {isa = PBXFileReference; explicitFileType = undefined; fileEncoding = 9; includeInIndex = 0; lastKnownFileType = unknown; name = SimpleLineIcons.ttf; path = "../node_modules/react-native-vector-icons/Fonts/SimpleLineIcons.ttf"; sourceTree = "<group>"; };
		A8188060946441F7A1B84A1A /* FontAwesome5_Regular.ttf */ = {isa = PBXFileReference; explicitFileType = undefined; fileEncoding = 9; includeInIndex = 0; lastKnownFileType = unknown; name = FontAwesome5_Regular.ttf; path = "../node_modules/react-native-vector-icons/Fonts/FontAwesome5_Regular.ttf"; sourceTree = "<group>"; };
		AB99B5EA7C544C379962525B /* MaterialCommunityIcons.ttf */ = {isa = PBXFileReference; explicitFileType = undefined; fileEncoding = 9; includeInIndex = 0; lastKnownFileType = unknown; name = MaterialCommunityIcons.ttf; path = "../node_modules/react-native-vector-icons/Fonts/MaterialCommunityIcons.ttf"; sourceTree = "<group>"; };
		B80CE8B77BA2494D92BDF531 /* FontAwesome.ttf */ = {isa = PBXFileReference; explicitFileType = undefined; fileEncoding = 9; includeInIndex = 0; lastKnownFileType = unknown; name = FontAwesome.ttf; path = "../node_modules/react-native-vector-icons/Fonts/FontAwesome.ttf"; sourceTree = "<group>"; };
		BBE73188B306674327C0906F /* Pods-laundryApp-tvOS.debug.xcconfig */ = {isa = PBXFileReference; includeInIndex = 1; lastKnownFileType = text.xcconfig; name = "Pods-laundryApp-tvOS.debug.xcconfig"; path = "Target Support Files/Pods-laundryApp-tvOS/Pods-laundryApp-tvOS.debug.xcconfig"; sourceTree = "<group>"; };
		C11F758523A15703007090FA /* Fontisto.ttf */ = {isa = PBXFileReference; lastKnownFileType = file; path = Fontisto.ttf; sourceTree = "<group>"; };
		C11F758623A15703007090FA /* Octicons.ttf */ = {isa = PBXFileReference; lastKnownFileType = file; path = Octicons.ttf; sourceTree = "<group>"; };
		C11F758723A15703007090FA /* Feather.ttf */ = {isa = PBXFileReference; lastKnownFileType = file; path = Feather.ttf; sourceTree = "<group>"; };
		C11F758823A15703007090FA /* Entypo.ttf */ = {isa = PBXFileReference; lastKnownFileType = file; path = Entypo.ttf; sourceTree = "<group>"; };
		C11F758923A15703007090FA /* FontAwesome5_Brands.ttf */ = {isa = PBXFileReference; lastKnownFileType = file; path = FontAwesome5_Brands.ttf; sourceTree = "<group>"; };
		C11F758A23A15703007090FA /* MaterialCommunityIcons.ttf */ = {isa = PBXFileReference; lastKnownFileType = file; path = MaterialCommunityIcons.ttf; sourceTree = "<group>"; };
		C11F758B23A15703007090FA /* AntDesign.ttf */ = {isa = PBXFileReference; lastKnownFileType = file; path = AntDesign.ttf; sourceTree = "<group>"; };
		C11F758C23A15703007090FA /* Foundation.ttf */ = {isa = PBXFileReference; lastKnownFileType = file; path = Foundation.ttf; sourceTree = "<group>"; };
		C11F758D23A15703007090FA /* Ionicons.ttf */ = {isa = PBXFileReference; lastKnownFileType = file; path = Ionicons.ttf; sourceTree = "<group>"; };
		C11F758E23A15703007090FA /* FontAwesome5_Solid.ttf */ = {isa = PBXFileReference; lastKnownFileType = file; path = FontAwesome5_Solid.ttf; sourceTree = "<group>"; };
		C11F758F23A15703007090FA /* FontAwesome5_Regular.ttf */ = {isa = PBXFileReference; lastKnownFileType = file; path = FontAwesome5_Regular.ttf; sourceTree = "<group>"; };
		C11F759023A15703007090FA /* FontAwesome.ttf */ = {isa = PBXFileReference; lastKnownFileType = file; path = FontAwesome.ttf; sourceTree = "<group>"; };
		C11F759123A15703007090FA /* Zocial.ttf */ = {isa = PBXFileReference; lastKnownFileType = file; path = Zocial.ttf; sourceTree = "<group>"; };
		C11F759223A15703007090FA /* EvilIcons.ttf */ = {isa = PBXFileReference; lastKnownFileType = file; path = EvilIcons.ttf; sourceTree = "<group>"; };
		C11F759323A15703007090FA /* SimpleLineIcons.ttf */ = {isa = PBXFileReference; lastKnownFileType = file; path = SimpleLineIcons.ttf; sourceTree = "<group>"; };
		C11F759423A15703007090FA /* MaterialIcons.ttf */ = {isa = PBXFileReference; lastKnownFileType = file; path = MaterialIcons.ttf; sourceTree = "<group>"; };
		C1245F3B24A6979B009421B3 /* main.jsbundle */ = {isa = PBXFileReference; fileEncoding = 4; lastKnownFileType = text; name = main.jsbundle; path = ../release_ios/main.jsbundle; sourceTree = "<group>"; };
		C1245F3C24A6979B009421B3 /* assets */ = {isa = PBXFileReference; lastKnownFileType = folder; name = assets; path = ../release_ios/assets; sourceTree = "<group>"; };
		C14FA7FE249D33E5006A36DD /* laundryApp-Bridging-Header.h */ = {isa = PBXFileReference; lastKnownFileType = sourcecode.c.h; path = "laundryApp-Bridging-Header.h"; sourceTree = "<group>"; };
		C14FA809249D4D6C006A36DD /* Default-568h@2x.png */ = {isa = PBXFileReference; lastKnownFileType = image.png; path = "Default-568h@2x.png"; sourceTree = "<group>"; };
		C14FA80B249DB8CD006A36DD /* libWeChatSDK.a */ = {isa = PBXFileReference; lastKnownFileType = archive.ar; name = libWeChatSDK.a; path = ../../../Downloads/OpenSDK1.8.7.1/libWeChatSDK.a; sourceTree = "<group>"; };
		C14FA80D249DD064006A36DD /* WebKit.framework */ = {isa = PBXFileReference; lastKnownFileType = wrapper.framework; name = WebKit.framework; path = System/Library/Frameworks/WebKit.framework; sourceTree = SDKROOT; };
		C14FA82B24A275FE006A36DD /* RCTAlipay.h */ = {isa = PBXFileReference; lastKnownFileType = sourcecode.c.h; path = RCTAlipay.h; sourceTree = "<group>"; };
		C14FA82C24A27647006A36DD /* RCTAlipay.m */ = {isa = PBXFileReference; lastKnownFileType = sourcecode.c.objc; path = RCTAlipay.m; sourceTree = "<group>"; };
		C18296FC248D5C950067C8F6 /* zh-Hans */ = {isa = PBXFileReference; lastKnownFileType = text.plist.strings; name = "zh-Hans"; path = "zh-Hans.lproj/LaunchScreen.strings"; sourceTree = "<group>"; };
		C1A78D1824350C1A003C01FE /* SystemConfiguration.framework */ = {isa = PBXFileReference; lastKnownFileType = wrapper.framework; name = SystemConfiguration.framework; path = System/Library/Frameworks/SystemConfiguration.framework; sourceTree = SDKROOT; };
		C1A78D1A24350C37003C01FE /* CoreTelephony.framework */ = {isa = PBXFileReference; lastKnownFileType = wrapper.framework; name = CoreTelephony.framework; path = System/Library/Frameworks/CoreTelephony.framework; sourceTree = SDKROOT; };
		C1A78D1C24350CD5003C01FE /* libsqlite3.0.tbd */ = {isa = PBXFileReference; lastKnownFileType = "sourcecode.text-based-dylib-definition"; name = libsqlite3.0.tbd; path = usr/lib/libsqlite3.0.tbd; sourceTree = SDKROOT; };
		C1A78D1E24350CE5003C01FE /* libc++.1.tbd */ = {isa = PBXFileReference; lastKnownFileType = "sourcecode.text-based-dylib-definition"; name = "libc++.1.tbd"; path = "usr/lib/libc++.1.tbd"; sourceTree = SDKROOT; };
		C1A78D2024350CF2003C01FE /* libz.1.tbd */ = {isa = PBXFileReference; lastKnownFileType = "sourcecode.text-based-dylib-definition"; name = libz.1.tbd; path = usr/lib/libz.1.tbd; sourceTree = SDKROOT; };
		C1A78D2224350FCD003C01FE /* libWeChatSDK.a */ = {isa = PBXFileReference; lastKnownFileType = archive.ar; name = libWeChatSDK.a; path = laundryApp/thirdpart/wechat/libWeChatSDK.a; sourceTree = "<group>"; };
		C1A78D2424350FDB003C01FE /* libc++.tbd */ = {isa = PBXFileReference; lastKnownFileType = "sourcecode.text-based-dylib-definition"; name = "libc++.tbd"; path = "usr/lib/libc++.tbd"; sourceTree = SDKROOT; };
		C1A78D2624350FEE003C01FE /* libz.tbd */ = {isa = PBXFileReference; lastKnownFileType = "sourcecode.text-based-dylib-definition"; name = libz.tbd; path = usr/lib/libz.tbd; sourceTree = SDKROOT; };
		C1A78D2824350FF8003C01FE /* libsqlite3.tbd */ = {isa = PBXFileReference; lastKnownFileType = "sourcecode.text-based-dylib-definition"; name = libsqlite3.tbd; path = usr/lib/libsqlite3.tbd; sourceTree = SDKROOT; };
		C1AEFB5624C99B0200246732 /* MOVING洗衣.entitlements */ = {isa = PBXFileReference; lastKnownFileType = text.plist.entitlements; name = "MOVING洗衣.entitlements"; path = "laundryApp/MOVING洗衣.entitlements"; sourceTree = "<group>"; };
		C1F76989242F579D00420968 /* AMapFoundationKit.framework */ = {isa = PBXFileReference; lastKnownFileType = wrapper.framework; path = AMapFoundationKit.framework; sourceTree = "<group>"; };
		C1F7698B242F57B500420968 /* AMapLocationKit.framework */ = {isa = PBXFileReference; lastKnownFileType = wrapper.framework; path = AMapLocationKit.framework; sourceTree = "<group>"; };
		C37AF49885A0E9A731B57EB8 /* Pods-laundryApp.release.xcconfig */ = {isa = PBXFileReference; includeInIndex = 1; lastKnownFileType = text.xcconfig; name = "Pods-laundryApp.release.xcconfig"; path = "Target Support Files/Pods-laundryApp/Pods-laundryApp.release.xcconfig"; sourceTree = "<group>"; };
		CEB0513654B4C498AB193D82 /* Pods-laundryAppTests.debug.xcconfig */ = {isa = PBXFileReference; includeInIndex = 1; lastKnownFileType = text.xcconfig; name = "Pods-laundryAppTests.debug.xcconfig"; path = "Target Support Files/Pods-laundryAppTests/Pods-laundryAppTests.debug.xcconfig"; sourceTree = "<group>"; };
		D287A8B510584A7AB74EC8C8 /* Foundation.ttf */ = {isa = PBXFileReference; explicitFileType = undefined; fileEncoding = 9; includeInIndex = 0; lastKnownFileType = unknown; name = Foundation.ttf; path = "../node_modules/react-native-vector-icons/Fonts/Foundation.ttf"; sourceTree = "<group>"; };
		E099C810A6F44010AEE6E62C /* Entypo.ttf */ = {isa = PBXFileReference; explicitFileType = undefined; fileEncoding = 9; includeInIndex = 0; lastKnownFileType = unknown; name = Entypo.ttf; path = "../node_modules/react-native-vector-icons/Fonts/Entypo.ttf"; sourceTree = "<group>"; };
		E13C2A3081FA45EC88B936E8 /* Zocial.ttf */ = {isa = PBXFileReference; explicitFileType = undefined; fileEncoding = 9; includeInIndex = 0; lastKnownFileType = unknown; name = Zocial.ttf; path = "../node_modules/react-native-vector-icons/Fonts/Zocial.ttf"; sourceTree = "<group>"; };
		E8FE9EE36131419D8293646D /* MaterialIcons.ttf */ = {isa = PBXFileReference; explicitFileType = undefined; fileEncoding = 9; includeInIndex = 0; lastKnownFileType = unknown; name = MaterialIcons.ttf; path = "../node_modules/react-native-vector-icons/Fonts/MaterialIcons.ttf"; sourceTree = "<group>"; };
		ED297162215061F000B7C4FE /* JavaScriptCore.framework */ = {isa = PBXFileReference; lastKnownFileType = wrapper.framework; name = JavaScriptCore.framework; path = System/Library/Frameworks/JavaScriptCore.framework; sourceTree = SDKROOT; };
		ED2971642150620600B7C4FE /* JavaScriptCore.framework */ = {isa = PBXFileReference; lastKnownFileType = wrapper.framework; name = JavaScriptCore.framework; path = Platforms/AppleTVOS.platform/Developer/SDKs/AppleTVOS12.0.sdk/System/Library/Frameworks/JavaScriptCore.framework; sourceTree = DEVELOPER_DIR; };
		EF3FF3E0B49C0A67BE1D53CA /* Pods-laundryApp-tvOS.release.xcconfig */ = {isa = PBXFileReference; includeInIndex = 1; lastKnownFileType = text.xcconfig; name = "Pods-laundryApp-tvOS.release.xcconfig"; path = "Target Support Files/Pods-laundryApp-tvOS/Pods-laundryApp-tvOS.release.xcconfig"; sourceTree = "<group>"; };
		FD81D273866992CE0A982B51 /* libPods-laundryAppTests.a */ = {isa = PBXFileReference; explicitFileType = archive.ar; includeInIndex = 0; path = "libPods-laundryAppTests.a"; sourceTree = BUILT_PRODUCTS_DIR; };
/* End PBXFileReference section */

/* Begin PBXFrameworksBuildPhase section */
		00E356EB1AD99517003FC87E /* Frameworks */ = {
			isa = PBXFrameworksBuildPhase;
			buildActionMask = 2147483647;
			files = (
				17474FC7C317A441367F631B /* libPods-laundryAppTests.a in Frameworks */,
			);
			runOnlyForDeploymentPostprocessing = 0;
		};
		13B07F8C1A680F5B00A75B9A /* Frameworks */ = {
			isa = PBXFrameworksBuildPhase;
			buildActionMask = 2147483647;
			files = (
				C14FA811249DD0C6006A36DD /* SystemConfiguration.framework in Frameworks */,
				C14FA819249DD154006A36DD /* libz.tbd in Frameworks */,
				C14FA818249DD14A006A36DD /* libc++.tbd in Frameworks */,
				C14FA814249DD0C9006A36DD /* WebKit.framework in Frameworks */,
				C14FA817249DD13E006A36DD /* libsqlite3.0.tbd in Frameworks */,
				C14FA816249DD131006A36DD /* CoreTelephony.framework in Frameworks */,
				C1F7698C242F57B500420968 /* AMapLocationKit.framework in Frameworks */,
				C1F7698A242F579D00420968 /* AMapFoundationKit.framework in Frameworks */,
				0605B5BA17EA76334B7F9959 /* libPods-laundryApp.a in Frameworks */,
			);
			runOnlyForDeploymentPostprocessing = 0;
		};
		2D02E4781E0B4A5D006451C7 /* Frameworks */ = {
			isa = PBXFrameworksBuildPhase;
			buildActionMask = 2147483647;
			files = (
				AF96A7008488D45836180991 /* libPods-laundryApp-tvOS.a in Frameworks */,
			);
			runOnlyForDeploymentPostprocessing = 0;
		};
		2D02E48D1E0B4A5D006451C7 /* Frameworks */ = {
			isa = PBXFrameworksBuildPhase;
			buildActionMask = 2147483647;
			files = (
				A0EF8995E9262DEF986D1827 /* libPods-laundryApp-tvOSTests.a in Frameworks */,
			);
			runOnlyForDeploymentPostprocessing = 0;
		};
/* End PBXFrameworksBuildPhase section */

/* Begin PBXGroup section */
		00E356EF1AD99517003FC87E /* laundryAppTests */ = {
			isa = PBXGroup;
			children = (
				00E356F21AD99517003FC87E /* laundryAppTests.m */,
				00E356F01AD99517003FC87E /* Supporting Files */,
			);
			path = laundryAppTests;
			sourceTree = "<group>";
		};
		00E356F01AD99517003FC87E /* Supporting Files */ = {
			isa = PBXGroup;
			children = (
				00E356F11AD99517003FC87E /* Info.plist */,
			);
			name = "Supporting Files";
			sourceTree = "<group>";
		};
		13B07FAE1A68108700A75B9A /* laundryApp */ = {
			isa = PBXGroup;
			children = (
				C1AEFB5624C99B0200246732 /* MOVING洗衣.entitlements */,
				13B07FAF1A68108700A75B9A /* AppDelegate.h */,
				13B07FB01A68108700A75B9A /* AppDelegate.m */,
				C11F758423A15703007090FA /* Fonts */,
				13B07FB51A68108700A75B9A /* Images.xcassets */,
				13B07FB61A68108700A75B9A /* Info.plist */,
				13B07FB11A68108700A75B9A /* LaunchScreen.xib */,
				13B07FB71A68108700A75B9A /* main.m */,
				C14FA7FE249D33E5006A36DD /* laundryApp-Bridging-Header.h */,
			);
			name = laundryApp;
			sourceTree = "<group>";
		};
		2D16E6871FA4F8E400B85C8A /* Frameworks */ = {
			isa = PBXGroup;
			children = (
				C14FA80D249DD064006A36DD /* WebKit.framework */,
				C14FA80B249DB8CD006A36DD /* libWeChatSDK.a */,
				C1A78D2824350FF8003C01FE /* libsqlite3.tbd */,
				C1A78D2624350FEE003C01FE /* libz.tbd */,
				C1A78D2424350FDB003C01FE /* libc++.tbd */,
				C1A78D2224350FCD003C01FE /* libWeChatSDK.a */,
				C1A78D2024350CF2003C01FE /* libz.1.tbd */,
				C1A78D1E24350CE5003C01FE /* libc++.1.tbd */,
				C1A78D1C24350CD5003C01FE /* libsqlite3.0.tbd */,
				C1A78D1A24350C37003C01FE /* CoreTelephony.framework */,
				C1A78D1824350C1A003C01FE /* SystemConfiguration.framework */,
				C1F7698B242F57B500420968 /* AMapLocationKit.framework */,
				C1F76989242F579D00420968 /* AMapFoundationKit.framework */,
				ED297162215061F000B7C4FE /* JavaScriptCore.framework */,
				ED2971642150620600B7C4FE /* JavaScriptCore.framework */,
				A0298ADA61DF896CC31551A5 /* libPods-laundryApp.a */,
				2CFCD1F2D7BDD7C8B288E075 /* libPods-laundryApp-tvOS.a */,
				562BB468806622C266CAD83E /* libPods-laundryApp-tvOSTests.a */,
				FD81D273866992CE0A982B51 /* libPods-laundryAppTests.a */,
			);
			name = Frameworks;
			sourceTree = "<group>";
		};
		832341AE1AAA6A7D00B99B32 /* Libraries */ = {
			isa = PBXGroup;
			children = (
			);
			name = Libraries;
			sourceTree = "<group>";
		};
		83CBB9F61A601CBA00E9B192 = {
			isa = PBXGroup;
			children = (
				C1245F3C24A6979B009421B3 /* assets */,
				C1245F3B24A6979B009421B3 /* main.jsbundle */,
				C14FA82A24A275C4006A36DD /* Alipay */,
				C14FA809249D4D6C006A36DD /* Default-568h@2x.png */,
				13B07FAE1A68108700A75B9A /* laundryApp */,
				832341AE1AAA6A7D00B99B32 /* Libraries */,
				00E356EF1AD99517003FC87E /* laundryAppTests */,
				83CBBA001A601CBA00E9B192 /* Products */,
				2D16E6871FA4F8E400B85C8A /* Frameworks */,
				8F88C5BE065797C287A976F0 /* Pods */,
				9E53A7EB62654C1592EE5CFB /* Resources */,
			);
			indentWidth = 2;
			sourceTree = "<group>";
			tabWidth = 2;
			usesTabs = 0;
		};
		83CBBA001A601CBA00E9B192 /* Products */ = {
			isa = PBXGroup;
			children = (
				13B07F961A680F5B00A75B9A /* MOVING洗衣.app */,
				00E356EE1AD99517003FC87E /* laundryAppTests.xctest */,
				2D02E47B1E0B4A5D006451C7 /* laundryApp-tvOS.app */,
				2D02E4901E0B4A5D006451C7 /* laundryApp-tvOSTests.xctest */,
			);
			name = Products;
			sourceTree = "<group>";
		};
		8F88C5BE065797C287A976F0 /* Pods */ = {
			isa = PBXGroup;
			children = (
				67FDFA83B360E57E8AB5B45F /* Pods-laundryApp.debug.xcconfig */,
				C37AF49885A0E9A731B57EB8 /* Pods-laundryApp.release.xcconfig */,
				BBE73188B306674327C0906F /* Pods-laundryApp-tvOS.debug.xcconfig */,
				EF3FF3E0B49C0A67BE1D53CA /* Pods-laundryApp-tvOS.release.xcconfig */,
				7850DF34C44C3A4D882196F7 /* Pods-laundryApp-tvOSTests.debug.xcconfig */,
				770B94F3054E88207CD90276 /* Pods-laundryApp-tvOSTests.release.xcconfig */,
				CEB0513654B4C498AB193D82 /* Pods-laundryAppTests.debug.xcconfig */,
				2DD078069AEBF5B734C48332 /* Pods-laundryAppTests.release.xcconfig */,
			);
			path = Pods;
			sourceTree = "<group>";
		};
		9E53A7EB62654C1592EE5CFB /* Resources */ = {
			isa = PBXGroup;
			children = (
				279B95CF9D914C60986B834D /* AntDesign.ttf */,
				E099C810A6F44010AEE6E62C /* Entypo.ttf */,
				8CD250E868DC41679A13CB1E /* EvilIcons.ttf */,
				09DE60438B384CEE83838ABB /* Feather.ttf */,
				B80CE8B77BA2494D92BDF531 /* FontAwesome.ttf */,
				560346D1985A4404B3E0AF33 /* FontAwesome5_Brands.ttf */,
				A8188060946441F7A1B84A1A /* FontAwesome5_Regular.ttf */,
				070799362A5D44ADB5E24AC1 /* FontAwesome5_Solid.ttf */,
				1CE6902B51424208A8B696F1 /* Fontisto.ttf */,
				D287A8B510584A7AB74EC8C8 /* Foundation.ttf */,
				97F3BFBDFCA34D46841E1920 /* Ionicons.ttf */,
				AB99B5EA7C544C379962525B /* MaterialCommunityIcons.ttf */,
				E8FE9EE36131419D8293646D /* MaterialIcons.ttf */,
				973630053860497AB90141A6 /* Octicons.ttf */,
				A105B233C7C84E5D8DCFADF6 /* SimpleLineIcons.ttf */,
				E13C2A3081FA45EC88B936E8 /* Zocial.ttf */,
			);
			name = Resources;
			sourceTree = "<group>";
		};
		C11F758423A15703007090FA /* Fonts */ = {
			isa = PBXGroup;
			children = (
				C11F758523A15703007090FA /* Fontisto.ttf */,
				C11F758623A15703007090FA /* Octicons.ttf */,
				C11F758723A15703007090FA /* Feather.ttf */,
				C11F758823A15703007090FA /* Entypo.ttf */,
				C11F758923A15703007090FA /* FontAwesome5_Brands.ttf */,
				C11F758A23A15703007090FA /* MaterialCommunityIcons.ttf */,
				C11F758B23A15703007090FA /* AntDesign.ttf */,
				C11F758C23A15703007090FA /* Foundation.ttf */,
				C11F758D23A15703007090FA /* Ionicons.ttf */,
				C11F758E23A15703007090FA /* FontAwesome5_Solid.ttf */,
				C11F758F23A15703007090FA /* FontAwesome5_Regular.ttf */,
				C11F759023A15703007090FA /* FontAwesome.ttf */,
				C11F759123A15703007090FA /* Zocial.ttf */,
				C11F759223A15703007090FA /* EvilIcons.ttf */,
				C11F759323A15703007090FA /* SimpleLineIcons.ttf */,
				C11F759423A15703007090FA /* MaterialIcons.ttf */,
			);
			name = Fonts;
			path = "../node_modules/react-native-vector-icons/Fonts";
			sourceTree = "<group>";
		};
		C14FA82A24A275C4006A36DD /* Alipay */ = {
			isa = PBXGroup;
			children = (
				C14FA82B24A275FE006A36DD /* RCTAlipay.h */,
				C14FA82C24A27647006A36DD /* RCTAlipay.m */,
			);
			path = Alipay;
			sourceTree = "<group>";
		};
/* End PBXGroup section */

/* Begin PBXNativeTarget section */
		00E356ED1AD99517003FC87E /* laundryAppTests */ = {
			isa = PBXNativeTarget;
			buildConfigurationList = 00E357021AD99517003FC87E /* Build configuration list for PBXNativeTarget "laundryAppTests" */;
			buildPhases = (
				A9B07529F6E9E4A8BC3CB654 /* [CP] Check Pods Manifest.lock */,
				00E356EA1AD99517003FC87E /* Sources */,
				00E356EB1AD99517003FC87E /* Frameworks */,
				00E356EC1AD99517003FC87E /* Resources */,
			);
			buildRules = (
			);
			dependencies = (
				00E356F51AD99517003FC87E /* PBXTargetDependency */,
			);
			name = laundryAppTests;
			productName = laundryAppTests;
			productReference = 00E356EE1AD99517003FC87E /* laundryAppTests.xctest */;
			productType = "com.apple.product-type.bundle.unit-test";
		};
		13B07F861A680F5B00A75B9A /* laundryApp */ = {
			isa = PBXNativeTarget;
			buildConfigurationList = 13B07F931A680F5B00A75B9A /* Build configuration list for PBXNativeTarget "laundryApp" */;
			buildPhases = (
				0BD8AA0239BD305A5189731F /* [CP] Check Pods Manifest.lock */,
				FD10A7F022414F080027D42C /* Start Packager */,
				13B07F871A680F5B00A75B9A /* Sources */,
				13B07F8C1A680F5B00A75B9A /* Frameworks */,
				13B07F8E1A680F5B00A75B9A /* Resources */,
				00DD1BFF1BD5951E006B06BC /* Bundle React Native code and images */,
				46F32B39E0A1F7DCA77FAB8C /* [CP] Copy Pods Resources */,
			);
			buildRules = (
			);
			dependencies = (
			);
			name = laundryApp;
			productName = laundryApp;
			productReference = 13B07F961A680F5B00A75B9A /* MOVING洗衣.app */;
			productType = "com.apple.product-type.application";
		};
		2D02E47A1E0B4A5D006451C7 /* laundryApp-tvOS */ = {
			isa = PBXNativeTarget;
			buildConfigurationList = 2D02E4BA1E0B4A5E006451C7 /* Build configuration list for PBXNativeTarget "laundryApp-tvOS" */;
			buildPhases = (
				C8A44DB2740ABA9FA348A908 /* [CP] Check Pods Manifest.lock */,
				FD10A7F122414F3F0027D42C /* Start Packager */,
				2D02E4771E0B4A5D006451C7 /* Sources */,
				2D02E4781E0B4A5D006451C7 /* Frameworks */,
				2D02E4791E0B4A5D006451C7 /* Resources */,
				2D02E4CB1E0B4B27006451C7 /* Bundle React Native Code And Images */,
			);
			buildRules = (
			);
			dependencies = (
			);
			name = "laundryApp-tvOS";
			productName = "laundryApp-tvOS";
			productReference = 2D02E47B1E0B4A5D006451C7 /* laundryApp-tvOS.app */;
			productType = "com.apple.product-type.application";
		};
		2D02E48F1E0B4A5D006451C7 /* laundryApp-tvOSTests */ = {
			isa = PBXNativeTarget;
			buildConfigurationList = 2D02E4BB1E0B4A5E006451C7 /* Build configuration list for PBXNativeTarget "laundryApp-tvOSTests" */;
			buildPhases = (
				221AA9B06982A5D7DD467588 /* [CP] Check Pods Manifest.lock */,
				2D02E48C1E0B4A5D006451C7 /* Sources */,
				2D02E48D1E0B4A5D006451C7 /* Frameworks */,
				2D02E48E1E0B4A5D006451C7 /* Resources */,
			);
			buildRules = (
			);
			dependencies = (
				2D02E4921E0B4A5D006451C7 /* PBXTargetDependency */,
			);
			name = "laundryApp-tvOSTests";
			productName = "laundryApp-tvOSTests";
			productReference = 2D02E4901E0B4A5D006451C7 /* laundryApp-tvOSTests.xctest */;
			productType = "com.apple.product-type.bundle.unit-test";
		};
/* End PBXNativeTarget section */

/* Begin PBXProject section */
		83CBB9F71A601CBA00E9B192 /* Project object */ = {
			isa = PBXProject;
			attributes = {
				LastUpgradeCheck = 1160;
				ORGANIZATIONNAME = "";
				TargetAttributes = {
					00E356ED1AD99517003FC87E = {
						CreatedOnToolsVersion = 6.2;
						DevelopmentTeam = W46MECA4RF;
						TestTargetID = 13B07F861A680F5B00A75B9A;
					};
					13B07F861A680F5B00A75B9A = {
						DevelopmentTeam = W46MECA4RF;
						LastSwiftMigration = 1150;
						ProvisioningStyle = Automatic;
					};
					2D02E47A1E0B4A5D006451C7 = {
						CreatedOnToolsVersion = 8.2.1;
						DevelopmentTeam = W46MECA4RF;
						ProvisioningStyle = Automatic;
					};
					2D02E48F1E0B4A5D006451C7 = {
						CreatedOnToolsVersion = 8.2.1;
						DevelopmentTeam = W46MECA4RF;
						ProvisioningStyle = Automatic;
						TestTargetID = 2D02E47A1E0B4A5D006451C7;
					};
				};
			};
			buildConfigurationList = 83CBB9FA1A601CBA00E9B192 /* Build configuration list for PBXProject "laundryApp" */;
			compatibilityVersion = "Xcode 3.2";
			developmentRegion = en;
			hasScannedForEncodings = 0;
			knownRegions = (
				en,
				Base,
				"zh-Hans",
			);
			mainGroup = 83CBB9F61A601CBA00E9B192;
			productRefGroup = 83CBBA001A601CBA00E9B192 /* Products */;
			projectDirPath = "";
			projectRoot = "";
			targets = (
				13B07F861A680F5B00A75B9A /* laundryApp */,
				00E356ED1AD99517003FC87E /* laundryAppTests */,
				2D02E47A1E0B4A5D006451C7 /* laundryApp-tvOS */,
				2D02E48F1E0B4A5D006451C7 /* laundryApp-tvOSTests */,
			);
		};
/* End PBXProject section */

/* Begin PBXResourcesBuildPhase section */
		00E356EC1AD99517003FC87E /* Resources */ = {
			isa = PBXResourcesBuildPhase;
			buildActionMask = 2147483647;
			files = (
				C11F759A23A15704007090FA /* Octicons.ttf in Resources */,
				C11F75B223A15704007090FA /* Foundation.ttf in Resources */,
				C11F75CE23A15704007090FA /* SimpleLineIcons.ttf in Resources */,
				C11F75B623A15704007090FA /* Ionicons.ttf in Resources */,
				C11F75CA23A15704007090FA /* EvilIcons.ttf in Resources */,
				C11F75BE23A15704007090FA /* FontAwesome5_Regular.ttf in Resources */,
				C11F75C623A15704007090FA /* Zocial.ttf in Resources */,
				C11F75A223A15704007090FA /* Entypo.ttf in Resources */,
				C11F75D223A15704007090FA /* MaterialIcons.ttf in Resources */,
				C11F75AE23A15704007090FA /* AntDesign.ttf in Resources */,
				C11F75BA23A15704007090FA /* FontAwesome5_Solid.ttf in Resources */,
				C11F759623A15704007090FA /* Fontisto.ttf in Resources */,
				C11F759E23A15704007090FA /* Feather.ttf in Resources */,
				C11F75AA23A15704007090FA /* MaterialCommunityIcons.ttf in Resources */,
				C11F75A623A15704007090FA /* FontAwesome5_Brands.ttf in Resources */,
				C11F75C223A15704007090FA /* FontAwesome.ttf in Resources */,
			);
			runOnlyForDeploymentPostprocessing = 0;
		};
		13B07F8E1A680F5B00A75B9A /* Resources */ = {
			isa = PBXResourcesBuildPhase;
			buildActionMask = 2147483647;
			files = (
				C11F759523A15704007090FA /* Fontisto.ttf in Resources */,
				C11F75C123A15704007090FA /* FontAwesome.ttf in Resources */,
				C11F75B123A15704007090FA /* Foundation.ttf in Resources */,
				C11F75BD23A15704007090FA /* FontAwesome5_Regular.ttf in Resources */,
				C14FA80A249D4D6C006A36DD /* Default-568h@2x.png in Resources */,
				C11F75B523A15704007090FA /* Ionicons.ttf in Resources */,
				C11F75C923A15704007090FA /* EvilIcons.ttf in Resources */,
				C1245F3D24A6979B009421B3 /* main.jsbundle in Resources */,
				C11F75A123A15704007090FA /* Entypo.ttf in Resources */,
				C1245F3E24A6979B009421B3 /* assets in Resources */,
				13B07FBF1A68108700A75B9A /* Images.xcassets in Resources */,
				C11F75C523A15704007090FA /* Zocial.ttf in Resources */,
				C11F75CD23A15704007090FA /* SimpleLineIcons.ttf in Resources */,
				C11F759D23A15704007090FA /* Feather.ttf in Resources */,
				C11F759923A15704007090FA /* Octicons.ttf in Resources */,
				C11F75A523A15704007090FA /* FontAwesome5_Brands.ttf in Resources */,
				C11F75AD23A15704007090FA /* AntDesign.ttf in Resources */,
				C11F75D123A15704007090FA /* MaterialIcons.ttf in Resources */,
				C11F75B923A15704007090FA /* FontAwesome5_Solid.ttf in Resources */,
				C11F75A923A15704007090FA /* MaterialCommunityIcons.ttf in Resources */,
				C1A78D2E2435C412003C01FE /* LaunchScreen.xib in Resources */,
			);
			runOnlyForDeploymentPostprocessing = 0;
		};
		2D02E4791E0B4A5D006451C7 /* Resources */ = {
			isa = PBXResourcesBuildPhase;
			buildActionMask = 2147483647;
			files = (
				C11F75B723A15704007090FA /* Ionicons.ttf in Resources */,
				C11F75C323A15704007090FA /* FontAwesome.ttf in Resources */,
				C11F759723A15704007090FA /* Fontisto.ttf in Resources */,
				C11F75AB23A15704007090FA /* MaterialCommunityIcons.ttf in Resources */,
				C11F759B23A15704007090FA /* Octicons.ttf in Resources */,
				C11F75B323A15704007090FA /* Foundation.ttf in Resources */,
				C11F75C723A15704007090FA /* Zocial.ttf in Resources */,
				C11F759F23A15704007090FA /* Feather.ttf in Resources */,
				C11F75BF23A15704007090FA /* FontAwesome5_Regular.ttf in Resources */,
				C11F75A723A15704007090FA /* FontAwesome5_Brands.ttf in Resources */,
				C11F75A323A15704007090FA /* Entypo.ttf in Resources */,
				C11F75D323A15704007090FA /* MaterialIcons.ttf in Resources */,
				C11F75AF23A15704007090FA /* AntDesign.ttf in Resources */,
				C11F75BB23A15704007090FA /* FontAwesome5_Solid.ttf in Resources */,
				C11F75CF23A15704007090FA /* SimpleLineIcons.ttf in Resources */,
				C11F75CB23A15704007090FA /* EvilIcons.ttf in Resources */,
				2D02E4BD1E0B4A84006451C7 /* Images.xcassets in Resources */,
			);
			runOnlyForDeploymentPostprocessing = 0;
		};
		2D02E48E1E0B4A5D006451C7 /* Resources */ = {
			isa = PBXResourcesBuildPhase;
			buildActionMask = 2147483647;
			files = (
				C11F759C23A15704007090FA /* Octicons.ttf in Resources */,
				C11F75B423A15704007090FA /* Foundation.ttf in Resources */,
				C11F75D023A15704007090FA /* SimpleLineIcons.ttf in Resources */,
				C11F75B823A15704007090FA /* Ionicons.ttf in Resources */,
				C11F75CC23A15704007090FA /* EvilIcons.ttf in Resources */,
				C11F75C023A15704007090FA /* FontAwesome5_Regular.ttf in Resources */,
				C11F75C823A15704007090FA /* Zocial.ttf in Resources */,
				C11F75A423A15704007090FA /* Entypo.ttf in Resources */,
				C11F75D423A15704007090FA /* MaterialIcons.ttf in Resources */,
				C11F75B023A15704007090FA /* AntDesign.ttf in Resources */,
				C11F75BC23A15704007090FA /* FontAwesome5_Solid.ttf in Resources */,
				C11F759823A15704007090FA /* Fontisto.ttf in Resources */,
				C11F75A023A15704007090FA /* Feather.ttf in Resources */,
				C11F75AC23A15704007090FA /* MaterialCommunityIcons.ttf in Resources */,
				C11F75A823A15704007090FA /* FontAwesome5_Brands.ttf in Resources */,
				C11F75C423A15704007090FA /* FontAwesome.ttf in Resources */,
			);
			runOnlyForDeploymentPostprocessing = 0;
		};
/* End PBXResourcesBuildPhase section */

/* Begin PBXShellScriptBuildPhase section */
		00DD1BFF1BD5951E006B06BC /* Bundle React Native code and images */ = {
			isa = PBXShellScriptBuildPhase;
			buildActionMask = 2147483647;
			files = (
			);
			inputPaths = (
			);
			name = "Bundle React Native code and images";
			outputPaths = (
			);
			runOnlyForDeploymentPostprocessing = 0;
			shellPath = /bin/sh;
			shellScript = "export NODE_BINARY=node\n../node_modules/react-native/scripts/react-native-xcode.sh";
		};
		0BD8AA0239BD305A5189731F /* [CP] Check Pods Manifest.lock */ = {
			isa = PBXShellScriptBuildPhase;
			buildActionMask = 2147483647;
			files = (
			);
			inputFileListPaths = (
			);
			inputPaths = (
				"${PODS_PODFILE_DIR_PATH}/Podfile.lock",
				"${PODS_ROOT}/Manifest.lock",
			);
			name = "[CP] Check Pods Manifest.lock";
			outputFileListPaths = (
			);
			outputPaths = (
				"$(DERIVED_FILE_DIR)/Pods-laundryApp-checkManifestLockResult.txt",
			);
			runOnlyForDeploymentPostprocessing = 0;
			shellPath = /bin/sh;
			shellScript = "diff \"${PODS_PODFILE_DIR_PATH}/Podfile.lock\" \"${PODS_ROOT}/Manifest.lock\" > /dev/null\nif [ $? != 0 ] ; then\n    # print error to STDERR\n    echo \"error: The sandbox is not in sync with the Podfile.lock. Run 'pod install' or update your CocoaPods installation.\" >&2\n    exit 1\nfi\n# This output is used by Xcode 'outputs' to avoid re-running this script phase.\necho \"SUCCESS\" > \"${SCRIPT_OUTPUT_FILE_0}\"\n";
			showEnvVarsInLog = 0;
		};
		221AA9B06982A5D7DD467588 /* [CP] Check Pods Manifest.lock */ = {
			isa = PBXShellScriptBuildPhase;
			buildActionMask = 2147483647;
			files = (
			);
			inputFileListPaths = (
			);
			inputPaths = (
				"${PODS_PODFILE_DIR_PATH}/Podfile.lock",
				"${PODS_ROOT}/Manifest.lock",
			);
			name = "[CP] Check Pods Manifest.lock";
			outputFileListPaths = (
			);
			outputPaths = (
				"$(DERIVED_FILE_DIR)/Pods-laundryApp-tvOSTests-checkManifestLockResult.txt",
			);
			runOnlyForDeploymentPostprocessing = 0;
			shellPath = /bin/sh;
			shellScript = "diff \"${PODS_PODFILE_DIR_PATH}/Podfile.lock\" \"${PODS_ROOT}/Manifest.lock\" > /dev/null\nif [ $? != 0 ] ; then\n    # print error to STDERR\n    echo \"error: The sandbox is not in sync with the Podfile.lock. Run 'pod install' or update your CocoaPods installation.\" >&2\n    exit 1\nfi\n# This output is used by Xcode 'outputs' to avoid re-running this script phase.\necho \"SUCCESS\" > \"${SCRIPT_OUTPUT_FILE_0}\"\n";
			showEnvVarsInLog = 0;
		};
		2D02E4CB1E0B4B27006451C7 /* Bundle React Native Code And Images */ = {
			isa = PBXShellScriptBuildPhase;
			buildActionMask = 2147483647;
			files = (
			);
			inputPaths = (
			);
			name = "Bundle React Native Code And Images";
			outputPaths = (
			);
			runOnlyForDeploymentPostprocessing = 0;
			shellPath = /bin/sh;
			shellScript = "export NODE_BINARY=node\n../node_modules/react-native/scripts/react-native-xcode.sh";
		};
		46F32B39E0A1F7DCA77FAB8C /* [CP] Copy Pods Resources */ = {
			isa = PBXShellScriptBuildPhase;
			buildActionMask = 2147483647;
			files = (
			);
			inputPaths = (
				"${PODS_ROOT}/Target Support Files/Pods-laundryApp/Pods-laundryApp-resources.sh",
				"${PODS_ROOT}/AlipaySDK-iOS/AlipaySDK.bundle",
				"${PODS_CONFIGURATION_BUILD_DIR}/RNImageCropPicker/QBImagePicker.bundle",
				"${PODS_ROOT}/../../node_modules/react-native-vector-icons/Fonts/AntDesign.ttf",
				"${PODS_ROOT}/../../node_modules/react-native-vector-icons/Fonts/Entypo.ttf",
				"${PODS_ROOT}/../../node_modules/react-native-vector-icons/Fonts/EvilIcons.ttf",
				"${PODS_ROOT}/../../node_modules/react-native-vector-icons/Fonts/Feather.ttf",
				"${PODS_ROOT}/../../node_modules/react-native-vector-icons/Fonts/FontAwesome.ttf",
				"${PODS_ROOT}/../../node_modules/react-native-vector-icons/Fonts/FontAwesome5_Brands.ttf",
				"${PODS_ROOT}/../../node_modules/react-native-vector-icons/Fonts/FontAwesome5_Regular.ttf",
				"${PODS_ROOT}/../../node_modules/react-native-vector-icons/Fonts/FontAwesome5_Solid.ttf",
				"${PODS_ROOT}/../../node_modules/react-native-vector-icons/Fonts/Fontisto.ttf",
				"${PODS_ROOT}/../../node_modules/react-native-vector-icons/Fonts/Foundation.ttf",
				"${PODS_ROOT}/../../node_modules/react-native-vector-icons/Fonts/Ionicons.ttf",
				"${PODS_ROOT}/../../node_modules/react-native-vector-icons/Fonts/MaterialCommunityIcons.ttf",
				"${PODS_ROOT}/../../node_modules/react-native-vector-icons/Fonts/MaterialIcons.ttf",
				"${PODS_ROOT}/../../node_modules/react-native-vector-icons/Fonts/Octicons.ttf",
				"${PODS_ROOT}/../../node_modules/react-native-vector-icons/Fonts/SimpleLineIcons.ttf",
				"${PODS_ROOT}/../../node_modules/react-native-vector-icons/Fonts/Zocial.ttf",
				"${PODS_ROOT}/RSKImageCropper/RSKImageCropper/RSKImageCropperStrings.bundle",
			);
			name = "[CP] Copy Pods Resources";
			outputPaths = (
			);
			runOnlyForDeploymentPostprocessing = 0;
			shellPath = /bin/sh;
			shellScript = "\"${PODS_ROOT}/Target Support Files/Pods-laundryApp/Pods-laundryApp-resources.sh\"\n";
			showEnvVarsInLog = 0;
		};
		A9B07529F6E9E4A8BC3CB654 /* [CP] Check Pods Manifest.lock */ = {
			isa = PBXShellScriptBuildPhase;
			buildActionMask = 2147483647;
			files = (
			);
			inputFileListPaths = (
			);
			inputPaths = (
				"${PODS_PODFILE_DIR_PATH}/Podfile.lock",
				"${PODS_ROOT}/Manifest.lock",
			);
			name = "[CP] Check Pods Manifest.lock";
			outputFileListPaths = (
			);
			outputPaths = (
				"$(DERIVED_FILE_DIR)/Pods-laundryAppTests-checkManifestLockResult.txt",
			);
			runOnlyForDeploymentPostprocessing = 0;
			shellPath = /bin/sh;
			shellScript = "diff \"${PODS_PODFILE_DIR_PATH}/Podfile.lock\" \"${PODS_ROOT}/Manifest.lock\" > /dev/null\nif [ $? != 0 ] ; then\n    # print error to STDERR\n    echo \"error: The sandbox is not in sync with the Podfile.lock. Run 'pod install' or update your CocoaPods installation.\" >&2\n    exit 1\nfi\n# This output is used by Xcode 'outputs' to avoid re-running this script phase.\necho \"SUCCESS\" > \"${SCRIPT_OUTPUT_FILE_0}\"\n";
			showEnvVarsInLog = 0;
		};
		C8A44DB2740ABA9FA348A908 /* [CP] Check Pods Manifest.lock */ = {
			isa = PBXShellScriptBuildPhase;
			buildActionMask = 2147483647;
			files = (
			);
			inputFileListPaths = (
			);
			inputPaths = (
				"${PODS_PODFILE_DIR_PATH}/Podfile.lock",
				"${PODS_ROOT}/Manifest.lock",
			);
			name = "[CP] Check Pods Manifest.lock";
			outputFileListPaths = (
			);
			outputPaths = (
				"$(DERIVED_FILE_DIR)/Pods-laundryApp-tvOS-checkManifestLockResult.txt",
			);
			runOnlyForDeploymentPostprocessing = 0;
			shellPath = /bin/sh;
			shellScript = "diff \"${PODS_PODFILE_DIR_PATH}/Podfile.lock\" \"${PODS_ROOT}/Manifest.lock\" > /dev/null\nif [ $? != 0 ] ; then\n    # print error to STDERR\n    echo \"error: The sandbox is not in sync with the Podfile.lock. Run 'pod install' or update your CocoaPods installation.\" >&2\n    exit 1\nfi\n# This output is used by Xcode 'outputs' to avoid re-running this script phase.\necho \"SUCCESS\" > \"${SCRIPT_OUTPUT_FILE_0}\"\n";
			showEnvVarsInLog = 0;
		};
		FD10A7F022414F080027D42C /* Start Packager */ = {
			isa = PBXShellScriptBuildPhase;
			buildActionMask = 2147483647;
			files = (
			);
			inputFileListPaths = (
			);
			inputPaths = (
			);
			name = "Start Packager";
			outputFileListPaths = (
			);
			outputPaths = (
			);
			runOnlyForDeploymentPostprocessing = 0;
			shellPath = /bin/sh;
			shellScript = "export RCT_METRO_PORT=\"${RCT_METRO_PORT:=8081}\"\necho \"export RCT_METRO_PORT=${RCT_METRO_PORT}\" > \"${SRCROOT}/../node_modules/react-native/scripts/.packager.env\"\nif [ -z \"${RCT_NO_LAUNCH_PACKAGER+xxx}\" ] ; then\n  if nc -w 5 -z localhost ${RCT_METRO_PORT} ; then\n    if ! curl -s \"http://localhost:${RCT_METRO_PORT}/status\" | grep -q \"packager-status:running\" ; then\n      echo \"Port ${RCT_METRO_PORT} already in use, packager is either not running or not running correctly\"\n      exit 2\n    fi\n  else\n    open \"$SRCROOT/../node_modules/react-native/scripts/launchPackager.command\" || echo \"Can't start packager automatically\"\n  fi\nfi\n";
			showEnvVarsInLog = 0;
		};
		FD10A7F122414F3F0027D42C /* Start Packager */ = {
			isa = PBXShellScriptBuildPhase;
			buildActionMask = 2147483647;
			files = (
			);
			inputFileListPaths = (
			);
			inputPaths = (
			);
			name = "Start Packager";
			outputFileListPaths = (
			);
			outputPaths = (
			);
			runOnlyForDeploymentPostprocessing = 0;
			shellPath = /bin/sh;
			shellScript = "export RCT_METRO_PORT=\"${RCT_METRO_PORT:=8081}\"\necho \"export RCT_METRO_PORT=${RCT_METRO_PORT}\" > \"${SRCROOT}/../node_modules/react-native/scripts/.packager.env\"\nif [ -z \"${RCT_NO_LAUNCH_PACKAGER+xxx}\" ] ; then\n  if nc -w 5 -z localhost ${RCT_METRO_PORT} ; then\n    if ! curl -s \"http://localhost:${RCT_METRO_PORT}/status\" | grep -q \"packager-status:running\" ; then\n      echo \"Port ${RCT_METRO_PORT} already in use, packager is either not running or not running correctly\"\n      exit 2\n    fi\n  else\n    open \"$SRCROOT/../node_modules/react-native/scripts/launchPackager.command\" || echo \"Can't start packager automatically\"\n  fi\nfi\n";
			showEnvVarsInLog = 0;
		};
/* End PBXShellScriptBuildPhase section */

/* Begin PBXSourcesBuildPhase section */
		00E356EA1AD99517003FC87E /* Sources */ = {
			isa = PBXSourcesBuildPhase;
			buildActionMask = 2147483647;
			files = (
				00E356F31AD99517003FC87E /* laundryAppTests.m in Sources */,
			);
			runOnlyForDeploymentPostprocessing = 0;
		};
		13B07F871A680F5B00A75B9A /* Sources */ = {
			isa = PBXSourcesBuildPhase;
			buildActionMask = 2147483647;
			files = (
				13B07FBC1A68108700A75B9A /* AppDelegate.m in Sources */,
				C14FA82D24A27647006A36DD /* RCTAlipay.m in Sources */,
				13B07FC11A68108700A75B9A /* main.m in Sources */,
			);
			runOnlyForDeploymentPostprocessing = 0;
		};
		2D02E4771E0B4A5D006451C7 /* Sources */ = {
			isa = PBXSourcesBuildPhase;
			buildActionMask = 2147483647;
			files = (
				2D02E4BF1E0B4AB3006451C7 /* main.m in Sources */,
				2D02E4BC1E0B4A80006451C7 /* AppDelegate.m in Sources */,
			);
			runOnlyForDeploymentPostprocessing = 0;
		};
		2D02E48C1E0B4A5D006451C7 /* Sources */ = {
			isa = PBXSourcesBuildPhase;
			buildActionMask = 2147483647;
			files = (
				2DCD954D1E0B4F2C00145EB5 /* laundryAppTests.m in Sources */,
			);
			runOnlyForDeploymentPostprocessing = 0;
		};
/* End PBXSourcesBuildPhase section */

/* Begin PBXTargetDependency section */
		00E356F51AD99517003FC87E /* PBXTargetDependency */ = {
			isa = PBXTargetDependency;
			target = 13B07F861A680F5B00A75B9A /* laundryApp */;
			targetProxy = 00E356F41AD99517003FC87E /* PBXContainerItemProxy */;
		};
		2D02E4921E0B4A5D006451C7 /* PBXTargetDependency */ = {
			isa = PBXTargetDependency;
			target = 2D02E47A1E0B4A5D006451C7 /* laundryApp-tvOS */;
			targetProxy = 2D02E4911E0B4A5D006451C7 /* PBXContainerItemProxy */;
		};
/* End PBXTargetDependency section */

/* Begin PBXVariantGroup section */
		13B07FB11A68108700A75B9A /* LaunchScreen.xib */ = {
			isa = PBXVariantGroup;
			children = (
				13B07FB21A68108700A75B9A /* Base */,
				C18296FC248D5C950067C8F6 /* zh-Hans */,
			);
			name = LaunchScreen.xib;
			path = laundryApp;
			sourceTree = "<group>";
		};
/* End PBXVariantGroup section */

/* Begin XCBuildConfiguration section */
		00E356F61AD99517003FC87E /* Debug */ = {
			isa = XCBuildConfiguration;
			baseConfigurationReference = CEB0513654B4C498AB193D82 /* Pods-laundryAppTests.debug.xcconfig */;
			buildSettings = {
				BUNDLE_LOADER = "$(TEST_HOST)";
				DEVELOPMENT_TEAM = W46MECA4RF;
				GCC_PREPROCESSOR_DEFINITIONS = (
					"DEBUG=1",
					"$(inherited)",
				);
				INFOPLIST_FILE = laundryAppTests/Info.plist;
				IPHONEOS_DEPLOYMENT_TARGET = 9.0;
				LD_RUNPATH_SEARCH_PATHS = "$(inherited) @executable_path/Frameworks @loader_path/Frameworks";
				OTHER_LDFLAGS = (
					"-ObjC",
					"-lc++",
					"$(inherited)",
				);
				PRODUCT_BUNDLE_IDENTIFIER = "org.reactjs.native.example.$(PRODUCT_NAME:rfc1034identifier)";
				PRODUCT_NAME = "$(TARGET_NAME)";
				TEST_HOST = "$(BUILT_PRODUCTS_DIR)/MOVING洗衣.app/MOVING洗衣";
			};
			name = Debug;
		};
		00E356F71AD99517003FC87E /* Release */ = {
			isa = XCBuildConfiguration;
			baseConfigurationReference = 2DD078069AEBF5B734C48332 /* Pods-laundryAppTests.release.xcconfig */;
			buildSettings = {
				BUNDLE_LOADER = "$(TEST_HOST)";
				COPY_PHASE_STRIP = NO;
				DEVELOPMENT_TEAM = W46MECA4RF;
				INFOPLIST_FILE = laundryAppTests/Info.plist;
				IPHONEOS_DEPLOYMENT_TARGET = 9.0;
				LD_RUNPATH_SEARCH_PATHS = "$(inherited) @executable_path/Frameworks @loader_path/Frameworks";
				OTHER_LDFLAGS = (
					"-ObjC",
					"-lc++",
					"$(inherited)",
				);
				PRODUCT_BUNDLE_IDENTIFIER = "org.reactjs.native.example.$(PRODUCT_NAME:rfc1034identifier)";
				PRODUCT_NAME = "$(TARGET_NAME)";
				TEST_HOST = "$(BUILT_PRODUCTS_DIR)/MOVING洗衣.app/MOVING洗衣";
			};
			name = Release;
		};
		13B07F941A680F5B00A75B9A /* Debug */ = {
			isa = XCBuildConfiguration;
			baseConfigurationReference = 67FDFA83B360E57E8AB5B45F /* Pods-laundryApp.debug.xcconfig */;
			buildSettings = {
				ASSETCATALOG_COMPILER_APPICON_NAME = AppIcon;
				CLANG_ENABLE_MODULES = YES;
				CODE_SIGN_ENTITLEMENTS = "laundryApp/MOVING洗衣.entitlements";
				CODE_SIGN_IDENTITY = "Apple Development";
				CODE_SIGN_STYLE = Automatic;
				CURRENT_PROJECT_VERSION = 202012221732;
				DEAD_CODE_STRIPPING = NO;
				DEVELOPMENT_TEAM = W46MECA4RF;
				FRAMEWORK_SEARCH_PATHS = (
					"$(inherited)",
					"$(PROJECT_DIR)",
				);
				GCC_PREPROCESSOR_DEFINITIONS = (
					"$(inherited)",
					"COCOAPODS=1",
					"$(inherited)",
					"SD_WEBP=1",
				);
				INFOPLIST_FILE = laundryApp/Info.plist;
				LD_RUNPATH_SEARCH_PATHS = "$(inherited) @executable_path/Frameworks";
				LIBRARY_SEARCH_PATHS = (
					"$(inherited)",
					"$(PROJECT_DIR)/laundryApp/thirdpart/wechat",
				);
				MARKETING_VERSION = 2.0.0;
				OTHER_LDFLAGS = (
					"$(inherited)",
					"-ObjC",
					"-lc++",
				);
				PRODUCT_BUNDLE_IDENTIFIER = com.moving.dry.cleaner;
				PRODUCT_NAME = "MOVING洗衣";
				PROVISIONING_PROFILE_SPECIFIER = "";
				SWIFT_OBJC_BRIDGING_HEADER = "laundryApp-Bridging-Header.h";
				SWIFT_OPTIMIZATION_LEVEL = "-Onone";
				SWIFT_VERSION = 5.0;
				VERSIONING_SYSTEM = "apple-generic";
			};
			name = Debug;
		};
		13B07F951A680F5B00A75B9A /* Release */ = {
			isa = XCBuildConfiguration;
			baseConfigurationReference = C37AF49885A0E9A731B57EB8 /* Pods-laundryApp.release.xcconfig */;
			buildSettings = {
				ASSETCATALOG_COMPILER_APPICON_NAME = AppIcon;
				CLANG_ENABLE_MODULES = YES;
				CODE_SIGN_ENTITLEMENTS = "laundryApp/MOVING洗衣.entitlements";
				CODE_SIGN_IDENTITY = "Apple Development";
				CODE_SIGN_STYLE = Automatic;
				CURRENT_PROJECT_VERSION = 202012221732;
				DEVELOPMENT_TEAM = W46MECA4RF;
				FRAMEWORK_SEARCH_PATHS = (
					"$(inherited)",
					"$(PROJECT_DIR)",
				);
				INFOPLIST_FILE = laundryApp/Info.plist;
				LD_RUNPATH_SEARCH_PATHS = "$(inherited) @executable_path/Frameworks";
				LIBRARY_SEARCH_PATHS = (
					"$(inherited)",
					"$(PROJECT_DIR)/laundryApp/thirdpart/wechat",
				);
				MARKETING_VERSION = 2.0.0;
				OTHER_LDFLAGS = (
					"$(inherited)",
					"-ObjC",
					"-lc++",
				);
				PRODUCT_BUNDLE_IDENTIFIER = com.moving.dry.cleaner;
				PRODUCT_NAME = "MOVING洗衣";
				PROVISIONING_PROFILE_SPECIFIER = "";
				SWIFT_OBJC_BRIDGING_HEADER = "laundryApp-Bridging-Header.h";
				SWIFT_VERSION = 5.0;
				VERSIONING_SYSTEM = "apple-generic";
			};
			name = Release;
		};
		2D02E4971E0B4A5E006451C7 /* Debug */ = {
			isa = XCBuildConfiguration;
			baseConfigurationReference = BBE73188B306674327C0906F /* Pods-laundryApp-tvOS.debug.xcconfig */;
			buildSettings = {
				ASSETCATALOG_COMPILER_APPICON_NAME = "App Icon & Top Shelf Image";
				ASSETCATALOG_COMPILER_LAUNCHIMAGE_NAME = LaunchImage;
				CLANG_ANALYZER_NONNULL = YES;
				CLANG_WARN_DOCUMENTATION_COMMENTS = YES;
				CLANG_WARN_INFINITE_RECURSION = YES;
				CLANG_WARN_SUSPICIOUS_MOVE = YES;
				DEBUG_INFORMATION_FORMAT = dwarf;
				DEVELOPMENT_TEAM = W46MECA4RF;
				ENABLE_TESTABILITY = YES;
				GCC_NO_COMMON_BLOCKS = YES;
				INFOPLIST_FILE = "laundryApp-tvOS/Info.plist";
				LD_RUNPATH_SEARCH_PATHS = "$(inherited) @executable_path/Frameworks";
				OTHER_LDFLAGS = (
					"$(inherited)",
					"-ObjC",
					"-lc++",
				);
				PRODUCT_BUNDLE_IDENTIFIER = "com.facebook.REACT.laundryApp-tvOS";
				PRODUCT_NAME = "$(TARGET_NAME)";
				SDKROOT = appletvos;
				TARGETED_DEVICE_FAMILY = 3;
				TVOS_DEPLOYMENT_TARGET = 9.2;
			};
			name = Debug;
		};
		2D02E4981E0B4A5E006451C7 /* Release */ = {
			isa = XCBuildConfiguration;
			baseConfigurationReference = EF3FF3E0B49C0A67BE1D53CA /* Pods-laundryApp-tvOS.release.xcconfig */;
			buildSettings = {
				ASSETCATALOG_COMPILER_APPICON_NAME = "App Icon & Top Shelf Image";
				ASSETCATALOG_COMPILER_LAUNCHIMAGE_NAME = LaunchImage;
				CLANG_ANALYZER_NONNULL = YES;
				CLANG_WARN_DOCUMENTATION_COMMENTS = YES;
				CLANG_WARN_INFINITE_RECURSION = YES;
				CLANG_WARN_SUSPICIOUS_MOVE = YES;
				COPY_PHASE_STRIP = NO;
				DEBUG_INFORMATION_FORMAT = "dwarf-with-dsym";
				DEVELOPMENT_TEAM = W46MECA4RF;
				GCC_NO_COMMON_BLOCKS = YES;
				INFOPLIST_FILE = "laundryApp-tvOS/Info.plist";
				LD_RUNPATH_SEARCH_PATHS = "$(inherited) @executable_path/Frameworks";
				OTHER_LDFLAGS = (
					"$(inherited)",
					"-ObjC",
					"-lc++",
				);
				PRODUCT_BUNDLE_IDENTIFIER = "com.facebook.REACT.laundryApp-tvOS";
				PRODUCT_NAME = "$(TARGET_NAME)";
				SDKROOT = appletvos;
				TARGETED_DEVICE_FAMILY = 3;
				TVOS_DEPLOYMENT_TARGET = 9.2;
			};
			name = Release;
		};
		2D02E4991E0B4A5E006451C7 /* Debug */ = {
			isa = XCBuildConfiguration;
			baseConfigurationReference = 7850DF34C44C3A4D882196F7 /* Pods-laundryApp-tvOSTests.debug.xcconfig */;
			buildSettings = {
				BUNDLE_LOADER = "$(TEST_HOST)";
				CLANG_ANALYZER_NONNULL = YES;
				CLANG_WARN_DOCUMENTATION_COMMENTS = YES;
				CLANG_WARN_INFINITE_RECURSION = YES;
				CLANG_WARN_SUSPICIOUS_MOVE = YES;
				DEBUG_INFORMATION_FORMAT = dwarf;
				DEVELOPMENT_TEAM = W46MECA4RF;
				ENABLE_TESTABILITY = YES;
				GCC_NO_COMMON_BLOCKS = YES;
				INFOPLIST_FILE = "laundryApp-tvOSTests/Info.plist";
				LD_RUNPATH_SEARCH_PATHS = "$(inherited) @executable_path/Frameworks @loader_path/Frameworks";
				OTHER_LDFLAGS = (
					"$(inherited)",
					"-ObjC",
					"-lc++",
				);
				PRODUCT_BUNDLE_IDENTIFIER = "com.facebook.REACT.laundryApp-tvOSTests";
				PRODUCT_NAME = "$(TARGET_NAME)";
				SDKROOT = appletvos;
				TEST_HOST = "$(BUILT_PRODUCTS_DIR)/laundryApp-tvOS.app/laundryApp-tvOS";
				TVOS_DEPLOYMENT_TARGET = 10.1;
			};
			name = Debug;
		};
		2D02E49A1E0B4A5E006451C7 /* Release */ = {
			isa = XCBuildConfiguration;
			baseConfigurationReference = 770B94F3054E88207CD90276 /* Pods-laundryApp-tvOSTests.release.xcconfig */;
			buildSettings = {
				BUNDLE_LOADER = "$(TEST_HOST)";
				CLANG_ANALYZER_NONNULL = YES;
				CLANG_WARN_DOCUMENTATION_COMMENTS = YES;
				CLANG_WARN_INFINITE_RECURSION = YES;
				CLANG_WARN_SUSPICIOUS_MOVE = YES;
				COPY_PHASE_STRIP = NO;
				DEBUG_INFORMATION_FORMAT = "dwarf-with-dsym";
				DEVELOPMENT_TEAM = W46MECA4RF;
				GCC_NO_COMMON_BLOCKS = YES;
				INFOPLIST_FILE = "laundryApp-tvOSTests/Info.plist";
				LD_RUNPATH_SEARCH_PATHS = "$(inherited) @executable_path/Frameworks @loader_path/Frameworks";
				OTHER_LDFLAGS = (
					"$(inherited)",
					"-ObjC",
					"-lc++",
				);
				PRODUCT_BUNDLE_IDENTIFIER = "com.facebook.REACT.laundryApp-tvOSTests";
				PRODUCT_NAME = "$(TARGET_NAME)";
				SDKROOT = appletvos;
				TEST_HOST = "$(BUILT_PRODUCTS_DIR)/laundryApp-tvOS.app/laundryApp-tvOS";
				TVOS_DEPLOYMENT_TARGET = 10.1;
			};
			name = Release;
		};
		83CBBA201A601CBA00E9B192 /* Debug */ = {
			isa = XCBuildConfiguration;
			buildSettings = {
				ALWAYS_SEARCH_USER_PATHS = NO;
				CLANG_ANALYZER_LOCALIZABILITY_NONLOCALIZED = YES;
				CLANG_CXX_LANGUAGE_STANDARD = "gnu++0x";
				CLANG_CXX_LIBRARY = "libc++";
				CLANG_ENABLE_MODULES = YES;
				CLANG_ENABLE_OBJC_ARC = YES;
				CLANG_WARN_BLOCK_CAPTURE_AUTORELEASING = YES;
				CLANG_WARN_BOOL_CONVERSION = YES;
				CLANG_WARN_COMMA = YES;
				CLANG_WARN_CONSTANT_CONVERSION = YES;
				CLANG_WARN_DEPRECATED_OBJC_IMPLEMENTATIONS = YES;
				CLANG_WARN_DIRECT_OBJC_ISA_USAGE = YES_ERROR;
				CLANG_WARN_EMPTY_BODY = YES;
				CLANG_WARN_ENUM_CONVERSION = YES;
				CLANG_WARN_INFINITE_RECURSION = YES;
				CLANG_WARN_INT_CONVERSION = YES;
				CLANG_WARN_NON_LITERAL_NULL_CONVERSION = YES;
				CLANG_WARN_OBJC_IMPLICIT_RETAIN_SELF = YES;
				CLANG_WARN_OBJC_LITERAL_CONVERSION = YES;
				CLANG_WARN_OBJC_ROOT_CLASS = YES_ERROR;
				CLANG_WARN_RANGE_LOOP_ANALYSIS = YES;
				CLANG_WARN_STRICT_PROTOTYPES = YES;
				CLANG_WARN_SUSPICIOUS_MOVE = YES;
				CLANG_WARN_UNREACHABLE_CODE = YES;
				CLANG_WARN__DUPLICATE_METHOD_MATCH = YES;
				"CODE_SIGN_IDENTITY[sdk=iphoneos*]" = "iPhone Developer";
				COPY_PHASE_STRIP = NO;
				ENABLE_STRICT_OBJC_MSGSEND = YES;
				ENABLE_TESTABILITY = YES;
				GCC_C_LANGUAGE_STANDARD = gnu99;
				GCC_DYNAMIC_NO_PIC = NO;
				GCC_NO_COMMON_BLOCKS = YES;
				GCC_OPTIMIZATION_LEVEL = 0;
				GCC_PREPROCESSOR_DEFINITIONS = (
					"DEBUG=1",
					"$(inherited)",
				);
				GCC_SYMBOLS_PRIVATE_EXTERN = NO;
				GCC_WARN_64_TO_32_BIT_CONVERSION = YES;
				GCC_WARN_ABOUT_RETURN_TYPE = YES_ERROR;
				GCC_WARN_UNDECLARED_SELECTOR = YES;
				GCC_WARN_UNINITIALIZED_AUTOS = YES_AGGRESSIVE;
				GCC_WARN_UNUSED_FUNCTION = YES;
				GCC_WARN_UNUSED_VARIABLE = YES;
				IPHONEOS_DEPLOYMENT_TARGET = 9.0;
				LIBRARY_SEARCH_PATHS = (
					"\"$(TOOLCHAIN_DIR)/usr/lib/swift/$(PLATFORM_NAME)\"",
					"\"$(TOOLCHAIN_DIR)/usr/lib/swift-5.0/$(PLATFORM_NAME)\"",
				);
				MTL_ENABLE_DEBUG_INFO = YES;
				ONLY_ACTIVE_ARCH = YES;
				SDKROOT = iphoneos;
			};
			name = Debug;
		};
		83CBBA211A601CBA00E9B192 /* Release */ = {
			isa = XCBuildConfiguration;
			buildSettings = {
				ALWAYS_SEARCH_USER_PATHS = NO;
				CLANG_ANALYZER_LOCALIZABILITY_NONLOCALIZED = YES;
				CLANG_CXX_LANGUAGE_STANDARD = "gnu++0x";
				CLANG_CXX_LIBRARY = "libc++";
				CLANG_ENABLE_MODULES = YES;
				CLANG_ENABLE_OBJC_ARC = YES;
				CLANG_WARN_BLOCK_CAPTURE_AUTORELEASING = YES;
				CLANG_WARN_BOOL_CONVERSION = YES;
				CLANG_WARN_COMMA = YES;
				CLANG_WARN_CONSTANT_CONVERSION = YES;
				CLANG_WARN_DEPRECATED_OBJC_IMPLEMENTATIONS = YES;
				CLANG_WARN_DIRECT_OBJC_ISA_USAGE = YES_ERROR;
				CLANG_WARN_EMPTY_BODY = YES;
				CLANG_WARN_ENUM_CONVERSION = YES;
				CLANG_WARN_INFINITE_RECURSION = YES;
				CLANG_WARN_INT_CONVERSION = YES;
				CLANG_WARN_NON_LITERAL_NULL_CONVERSION = YES;
				CLANG_WARN_OBJC_IMPLICIT_RETAIN_SELF = YES;
				CLANG_WARN_OBJC_LITERAL_CONVERSION = YES;
				CLANG_WARN_OBJC_ROOT_CLASS = YES_ERROR;
				CLANG_WARN_RANGE_LOOP_ANALYSIS = YES;
				CLANG_WARN_STRICT_PROTOTYPES = YES;
				CLANG_WARN_SUSPICIOUS_MOVE = YES;
				CLANG_WARN_UNREACHABLE_CODE = YES;
				CLANG_WARN__DUPLICATE_METHOD_MATCH = YES;
				"CODE_SIGN_IDENTITY[sdk=iphoneos*]" = "iPhone Developer";
				COPY_PHASE_STRIP = YES;
				ENABLE_NS_ASSERTIONS = NO;
				ENABLE_STRICT_OBJC_MSGSEND = YES;
				GCC_C_LANGUAGE_STANDARD = gnu99;
				GCC_NO_COMMON_BLOCKS = YES;
				GCC_WARN_64_TO_32_BIT_CONVERSION = YES;
				GCC_WARN_ABOUT_RETURN_TYPE = YES_ERROR;
				GCC_WARN_UNDECLARED_SELECTOR = YES;
				GCC_WARN_UNINITIALIZED_AUTOS = YES_AGGRESSIVE;
				GCC_WARN_UNUSED_FUNCTION = YES;
				GCC_WARN_UNUSED_VARIABLE = YES;
				IPHONEOS_DEPLOYMENT_TARGET = 9.0;
				LIBRARY_SEARCH_PATHS = (
					"\"$(TOOLCHAIN_DIR)/usr/lib/swift/$(PLATFORM_NAME)\"",
					"\"$(TOOLCHAIN_DIR)/usr/lib/swift-5.0/$(PLATFORM_NAME)\"",
				);
				MTL_ENABLE_DEBUG_INFO = NO;
				SDKROOT = iphoneos;
				VALIDATE_PRODUCT = YES;
			};
			name = Release;
		};
/* End XCBuildConfiguration section */

/* Begin XCConfigurationList section */
		00E357021AD99517003FC87E /* Build configuration list for PBXNativeTarget "laundryAppTests" */ = {
			isa = XCConfigurationList;
			buildConfigurations = (
				00E356F61AD99517003FC87E /* Debug */,
				00E356F71AD99517003FC87E /* Release */,
			);
			defaultConfigurationIsVisible = 0;
			defaultConfigurationName = Release;
		};
		13B07F931A680F5B00A75B9A /* Build configuration list for PBXNativeTarget "laundryApp" */ = {
			isa = XCConfigurationList;
			buildConfigurations = (
				13B07F941A680F5B00A75B9A /* Debug */,
				13B07F951A680F5B00A75B9A /* Release */,
			);
			defaultConfigurationIsVisible = 0;
			defaultConfigurationName = Release;
		};
		2D02E4BA1E0B4A5E006451C7 /* Build configuration list for PBXNativeTarget "laundryApp-tvOS" */ = {
			isa = XCConfigurationList;
			buildConfigurations = (
				2D02E4971E0B4A5E006451C7 /* Debug */,
				2D02E4981E0B4A5E006451C7 /* Release */,
			);
			defaultConfigurationIsVisible = 0;
			defaultConfigurationName = Release;
		};
		2D02E4BB1E0B4A5E006451C7 /* Build configuration list for PBXNativeTarget "laundryApp-tvOSTests" */ = {
			isa = XCConfigurationList;
			buildConfigurations = (
				2D02E4991E0B4A5E006451C7 /* Debug */,
				2D02E49A1E0B4A5E006451C7 /* Release */,
			);
			defaultConfigurationIsVisible = 0;
			defaultConfigurationName = Release;
		};
		83CBB9FA1A601CBA00E9B192 /* Build configuration list for PBXProject "laundryApp" */ = {
			isa = XCConfigurationList;
			buildConfigurations = (
				83CBBA201A601CBA00E9B192 /* Debug */,
				83CBBA211A601CBA00E9B192 /* Release */,
			);
			defaultConfigurationIsVisible = 0;
			defaultConfigurationName = Release;
		};
/* End XCConfigurationList section */
	};
	rootObject = 83CBB9F71A601CBA00E9B192 /* Project object */;
}
